
Microsoft Visual Studio Solution File, Format Version 12.00
# Visual Studio Version 16
VisualStudioVersion = 16.0.33423.256
MinimumVisualStudioVersion = 10.0.40219.1
Project("{FAE04EC0-301F-11D3-BF4B-00C04F79EFBC}") = "Gethashgode", "Gethashgode.csproj", "{1C31E5EE-8742-4931-AC6A-E35F5D41D772}"
EndProject
Global
	GlobalSection(SolutionConfigurationPlatforms) = preSolution
		Debug|Any CPU = Debug|Any CPU
		Release|Any CPU = Release|Any CPU
	EndGlobalSection
	GlobalSection(ProjectConfigurationPlatforms) = postSolution
		{1C31E5EE-8742-4931-AC6A-E35F5D41D772}.Debug|Any CPU.ActiveCfg = Debug|Any CPU
		{1C31E5EE-8742-4931-AC6A-E35F5D41D772}.Debug|Any CPU.Build.0 = Debug|Any CPU
		{1C31E5EE-8742-4931-AC6A-E35F5D41D772}.Release|Any CPU.ActiveCfg = Release|Any CPU
		{1C31E5EE-8742-4931-AC6A-E35F5D41D772}.Release|Any CPU.Build.0 = Release|Any CPU
	EndGlobalSection
	GlobalSection(SolutionProperties) = preSolution
		HideSolutionNode = FALSE
	EndGlobalSection
	GlobalSection(ExtensibilityGlobals) = postSolution
		SolutionGuid = {721BF8BA-230F-43AE-8C22-D4EBBE0E8659}
	EndGlobalSection
EndGlobal
